
Microsoft Visual Studio Solution File, Format Version 12.00
# Visual Studio Version 17
VisualStudioVersion = 17.5.33530.505
MinimumVisualStudioVersion = 10.0.40219.1
Project("{9A19103F-16F7-4668-BE54-9A1E7A4F7556}") = "Web.Api", "Web.Api\Web.Api.csproj", "{1F9C90DD-1C18-4212-8005-15B9F0EAAFBE}"
EndProject
Project("{9A19103F-16F7-4668-BE54-9A1E7A4F7556}") = "Web.Models", "Web.Models\Web.Models.csproj", "{C35EBE97-F912-4955-8472-EEBF0CDE4900}"
EndProject
Project("{9A19103F-16F7-4668-BE54-9A1E7A4F7556}") = "Dybi.App", "Dybi.App\Dybi.App.csproj", "{F5E92B1E-E8E7-4EF5-947F-E6FE6B90B8AB}"
EndProject
Project("{9A19103F-16F7-4668-BE54-9A1E7A4F7556}") = "Dybi.Library", "Library\Dybi.Library.csproj", "{0EF77AA3-4E7F-4454-B5A4-4DE308489FA0}"
EndProject
Project("{9A19103F-16F7-4668-BE54-9A1E7A4F7556}") = "Web.Admin", "Web.Admin\Web.Admin.csproj", "{8CA1E737-B9E1-41F3-9643-B3F95E2711EE}"
EndProject
Project("{9A19103F-16F7-4668-BE54-9A1E7A4F7556}") = "Web.App", "Web.App\Web.App.csproj", "{E46AF250-45F0-467C-848D-C32710E18210}"
EndProject
Project("{2150E333-8FDC-42A3-9474-1A3956D46DE8}") = "Dybi.Website", "Dybi.Website", "{B91488D3-EE17-4FAF-9BF2-85C43F197A9D}"
EndProject
Global
	GlobalSection(SolutionConfigurationPlatforms) = preSolution
		Debug|Any CPU = Debug|Any CPU
		Debug|ARM = Debug|ARM
		Debug|ARM64 = Debug|ARM64
		Debug|x64 = Debug|x64
		Debug|x86 = Debug|x86
		Release|Any CPU = Release|Any CPU
		Release|ARM = Release|ARM
		Release|ARM64 = Release|ARM64
		Release|x64 = Release|x64
		Release|x86 = Release|x86
	EndGlobalSection
	GlobalSection(ProjectConfigurationPlatforms) = postSolution
		{1F9C90DD-1C18-4212-8005-15B9F0EAAFBE}.Debug|Any CPU.ActiveCfg = Debug|Any CPU
		{1F9C90DD-1C18-4212-8005-15B9F0EAAFBE}.Debug|Any CPU.Build.0 = Debug|Any CPU
		{1F9C90DD-1C18-4212-8005-15B9F0EAAFBE}.Debug|ARM.ActiveCfg = Debug|Any CPU
		{1F9C90DD-1C18-4212-8005-15B9F0EAAFBE}.Debug|ARM.Build.0 = Debug|Any CPU
		{1F9C90DD-1C18-4212-8005-15B9F0EAAFBE}.Debug|ARM64.ActiveCfg = Debug|Any CPU
		{1F9C90DD-1C18-4212-8005-15B9F0EAAFBE}.Debug|ARM64.Build.0 = Debug|Any CPU
		{1F9C90DD-1C18-4212-8005-15B9F0EAAFBE}.Debug|x64.ActiveCfg = Debug|Any CPU
		{1F9C90DD-1C18-4212-8005-15B9F0EAAFBE}.Debug|x64.Build.0 = Debug|Any CPU
		{1F9C90DD-1C18-4212-8005-15B9F0EAAFBE}.Debug|x86.ActiveCfg = Debug|Any CPU
		{1F9C90DD-1C18-4212-8005-15B9F0EAAFBE}.Debug|x86.Build.0 = Debug|Any CPU
		{1F9C90DD-1C18-4212-8005-15B9F0EAAFBE}.Release|Any CPU.ActiveCfg = Release|Any CPU
		{1F9C90DD-1C18-4212-8005-15B9F0EAAFBE}.Release|Any CPU.Build.0 = Release|Any CPU
		{1F9C90DD-1C18-4212-8005-15B9F0EAAFBE}.Release|ARM.ActiveCfg = Release|Any CPU
		{1F9C90DD-1C18-4212-8005-15B9F0EAAFBE}.Release|ARM.Build.0 = Release|Any CPU
		{1F9C90DD-1C18-4212-8005-15B9F0EAAFBE}.Release|ARM64.ActiveCfg = Release|Any CPU
		{1F9C90DD-1C18-4212-8005-15B9F0EAAFBE}.Release|ARM64.Build.0 = Release|Any CPU
		{1F9C90DD-1C18-4212-8005-15B9F0EAAFBE}.Release|x64.ActiveCfg = Release|Any CPU
		{1F9C90DD-1C18-4212-8005-15B9F0EAAFBE}.Release|x64.Build.0 = Release|Any CPU
		{1F9C90DD-1C18-4212-8005-15B9F0EAAFBE}.Release|x86.ActiveCfg = Release|Any CPU
		{1F9C90DD-1C18-4212-8005-15B9F0EAAFBE}.Release|x86.Build.0 = Release|Any CPU
		{C35EBE97-F912-4955-8472-EEBF0CDE4900}.Debug|Any CPU.ActiveCfg = Debug|Any CPU
		{C35EBE97-F912-4955-8472-EEBF0CDE4900}.Debug|Any CPU.Build.0 = Debug|Any CPU
		{C35EBE97-F912-4955-8472-EEBF0CDE4900}.Debug|ARM.ActiveCfg = Debug|Any CPU
		{C35EBE97-F912-4955-8472-EEBF0CDE4900}.Debug|ARM.Build.0 = Debug|Any CPU
		{C35EBE97-F912-4955-8472-EEBF0CDE4900}.Debug|ARM64.ActiveCfg = Debug|Any CPU
		{C35EBE97-F912-4955-8472-EEBF0CDE4900}.Debug|ARM64.Build.0 = Debug|Any CPU
		{C35EBE97-F912-4955-8472-EEBF0CDE4900}.Debug|x64.ActiveCfg = Debug|Any CPU
		{C35EBE97-F912-4955-8472-EEBF0CDE4900}.Debug|x64.Build.0 = Debug|Any CPU
		{C35EBE97-F912-4955-8472-EEBF0CDE4900}.Debug|x86.ActiveCfg = Debug|Any CPU
		{C35EBE97-F912-4955-8472-EEBF0CDE4900}.Debug|x86.Build.0 = Debug|Any CPU
		{C35EBE97-F912-4955-8472-EEBF0CDE4900}.Release|Any CPU.ActiveCfg = Release|Any CPU
		{C35EBE97-F912-4955-8472-EEBF0CDE4900}.Release|Any CPU.Build.0 = Release|Any CPU
		{C35EBE97-F912-4955-8472-EEBF0CDE4900}.Release|ARM.ActiveCfg = Release|Any CPU
		{C35EBE97-F912-4955-8472-EEBF0CDE4900}.Release|ARM.Build.0 = Release|Any CPU
		{C35EBE97-F912-4955-8472-EEBF0CDE4900}.Release|ARM64.ActiveCfg = Release|Any CPU
		{C35EBE97-F912-4955-8472-EEBF0CDE4900}.Release|ARM64.Build.0 = Release|Any CPU
		{C35EBE97-F912-4955-8472-EEBF0CDE4900}.Release|x64.ActiveCfg = Release|Any CPU
		{C35EBE97-F912-4955-8472-EEBF0CDE4900}.Release|x64.Build.0 = Release|Any CPU
		{C35EBE97-F912-4955-8472-EEBF0CDE4900}.Release|x86.ActiveCfg = Release|Any CPU
		{C35EBE97-F912-4955-8472-EEBF0CDE4900}.Release|x86.Build.0 = Release|Any CPU
		{F5E92B1E-E8E7-4EF5-947F-E6FE6B90B8AB}.Debug|Any CPU.ActiveCfg = Debug|Any CPU
		{F5E92B1E-E8E7-4EF5-947F-E6FE6B90B8AB}.Debug|Any CPU.Build.0 = Debug|Any CPU
		{F5E92B1E-E8E7-4EF5-947F-E6FE6B90B8AB}.Debug|Any CPU.Deploy.0 = Debug|Any CPU
		{F5E92B1E-E8E7-4EF5-947F-E6FE6B90B8AB}.Debug|ARM.ActiveCfg = Debug|Any CPU
		{F5E92B1E-E8E7-4EF5-947F-E6FE6B90B8AB}.Debug|ARM.Build.0 = Debug|Any CPU
		{F5E92B1E-E8E7-4EF5-947F-E6FE6B90B8AB}.Debug|ARM.Deploy.0 = Debug|Any CPU
		{F5E92B1E-E8E7-4EF5-947F-E6FE6B90B8AB}.Debug|ARM64.ActiveCfg = Debug|Any CPU
		{F5E92B1E-E8E7-4EF5-947F-E6FE6B90B8AB}.Debug|ARM64.Build.0 = Debug|Any CPU
		{F5E92B1E-E8E7-4EF5-947F-E6FE6B90B8AB}.Debug|ARM64.Deploy.0 = Debug|Any CPU
		{F5E92B1E-E8E7-4EF5-947F-E6FE6B90B8AB}.Debug|x64.ActiveCfg = Debug|Any CPU
		{F5E92B1E-E8E7-4EF5-947F-E6FE6B90B8AB}.Debug|x64.Build.0 = Debug|Any CPU
		{F5E92B1E-E8E7-4EF5-947F-E6FE6B90B8AB}.Debug|x64.Deploy.0 = Debug|Any CPU
		{F5E92B1E-E8E7-4EF5-947F-E6FE6B90B8AB}.Debug|x86.ActiveCfg = Debug|Any CPU
		{F5E92B1E-E8E7-4EF5-947F-E6FE6B90B8AB}.Debug|x86.Build.0 = Debug|Any CPU
		{F5E92B1E-E8E7-4EF5-947F-E6FE6B90B8AB}.Debug|x86.Deploy.0 = Debug|Any CPU
		{F5E92B1E-E8E7-4EF5-947F-E6FE6B90B8AB}.Release|Any CPU.ActiveCfg = Release|Any CPU
		{F5E92B1E-E8E7-4EF5-947F-E6FE6B90B8AB}.Release|Any CPU.Build.0 = Release|Any CPU
		{F5E92B1E-E8E7-4EF5-947F-E6FE6B90B8AB}.Release|Any CPU.Deploy.0 = Release|Any CPU
		{F5E92B1E-E8E7-4EF5-947F-E6FE6B90B8AB}.Release|ARM.ActiveCfg = Release|Any CPU
		{F5E92B1E-E8E7-4EF5-947F-E6FE6B90B8AB}.Release|ARM.Build.0 = Release|Any CPU
		{F5E92B1E-E8E7-4EF5-947F-E6FE6B90B8AB}.Release|ARM.Deploy.0 = Release|Any CPU
		{F5E92B1E-E8E7-4EF5-947F-E6FE6B90B8AB}.Release|ARM64.ActiveCfg = Release|Any CPU
		{F5E92B1E-E8E7-4EF5-947F-E6FE6B90B8AB}.Release|ARM64.Build.0 = Release|Any CPU
		{F5E92B1E-E8E7-4EF5-947F-E6FE6B90B8AB}.Release|ARM64.Deploy.0 = Release|Any CPU
		{F5E92B1E-E8E7-4EF5-947F-E6FE6B90B8AB}.Release|x64.ActiveCfg = Release|Any CPU
		{F5E92B1E-E8E7-4EF5-947F-E6FE6B90B8AB}.Release|x64.Build.0 = Release|Any CPU
		{F5E92B1E-E8E7-4EF5-947F-E6FE6B90B8AB}.Release|x64.Deploy.0 = Release|Any CPU
		{F5E92B1E-E8E7-4EF5-947F-E6FE6B90B8AB}.Release|x86.ActiveCfg = Release|Any CPU
		{F5E92B1E-E8E7-4EF5-947F-E6FE6B90B8AB}.Release|x86.Build.0 = Release|Any CPU
		{F5E92B1E-E8E7-4EF5-947F-E6FE6B90B8AB}.Release|x86.Deploy.0 = Release|Any CPU
		{0EF77AA3-4E7F-4454-B5A4-4DE308489FA0}.Debug|Any CPU.ActiveCfg = Debug|Any CPU
		{0EF77AA3-4E7F-4454-B5A4-4DE308489FA0}.Debug|Any CPU.Build.0 = Debug|Any CPU
		{0EF77AA3-4E7F-4454-B5A4-4DE308489FA0}.Debug|ARM.ActiveCfg = Debug|Any CPU
		{0EF77AA3-4E7F-4454-B5A4-4DE308489FA0}.Debug|ARM.Build.0 = Debug|Any CPU
		{0EF77AA3-4E7F-4454-B5A4-4DE308489FA0}.Debug|ARM64.ActiveCfg = Debug|Any CPU
		{0EF77AA3-4E7F-4454-B5A4-4DE308489FA0}.Debug|ARM64.Build.0 = Debug|Any CPU
		{0EF77AA3-4E7F-4454-B5A4-4DE308489FA0}.Debug|x64.ActiveCfg = Debug|Any CPU
		{0EF77AA3-4E7F-4454-B5A4-4DE308489FA0}.Debug|x64.Build.0 = Debug|Any CPU
		{0EF77AA3-4E7F-4454-B5A4-4DE308489FA0}.Debug|x86.ActiveCfg = Debug|Any CPU
		{0EF77AA3-4E7F-4454-B5A4-4DE308489FA0}.Debug|x86.Build.0 = Debug|Any CPU
		{0EF77AA3-4E7F-4454-B5A4-4DE308489FA0}.Release|Any CPU.ActiveCfg = Release|Any CPU
		{0EF77AA3-4E7F-4454-B5A4-4DE308489FA0}.Release|Any CPU.Build.0 = Release|Any CPU
		{0EF77AA3-4E7F-4454-B5A4-4DE308489FA0}.Release|ARM.ActiveCfg = Release|Any CPU
		{0EF77AA3-4E7F-4454-B5A4-4DE308489FA0}.Release|ARM.Build.0 = Release|Any CPU
		{0EF77AA3-4E7F-4454-B5A4-4DE308489FA0}.Release|ARM64.ActiveCfg = Release|Any CPU
		{0EF77AA3-4E7F-4454-B5A4-4DE308489FA0}.Release|ARM64.Build.0 = Release|Any CPU
		{0EF77AA3-4E7F-4454-B5A4-4DE308489FA0}.Release|x64.ActiveCfg = Release|Any CPU
		{0EF77AA3-4E7F-4454-B5A4-4DE308489FA0}.Release|x64.Build.0 = Release|Any CPU
		{0EF77AA3-4E7F-4454-B5A4-4DE308489FA0}.Release|x86.ActiveCfg = Release|Any CPU
		{0EF77AA3-4E7F-4454-B5A4-4DE308489FA0}.Release|x86.Build.0 = Release|Any CPU
		{8CA1E737-B9E1-41F3-9643-B3F95E2711EE}.Debug|Any CPU.ActiveCfg = Debug|Any CPU
		{8CA1E737-B9E1-41F3-9643-B3F95E2711EE}.Debug|Any CPU.Build.0 = Debug|Any CPU
		{8CA1E737-B9E1-41F3-9643-B3F95E2711EE}.Debug|ARM.ActiveCfg = Debug|Any CPU
		{8CA1E737-B9E1-41F3-9643-B3F95E2711EE}.Debug|ARM.Build.0 = Debug|Any CPU
		{8CA1E737-B9E1-41F3-9643-B3F95E2711EE}.Debug|ARM64.ActiveCfg = Debug|Any CPU
		{8CA1E737-B9E1-41F3-9643-B3F95E2711EE}.Debug|ARM64.Build.0 = Debug|Any CPU
		{8CA1E737-B9E1-41F3-9643-B3F95E2711EE}.Debug|x64.ActiveCfg = Debug|Any CPU
		{8CA1E737-B9E1-41F3-9643-B3F95E2711EE}.Debug|x64.Build.0 = Debug|Any CPU
		{8CA1E737-B9E1-41F3-9643-B3F95E2711EE}.Debug|x86.ActiveCfg = Debug|Any CPU
		{8CA1E737-B9E1-41F3-9643-B3F95E2711EE}.Debug|x86.Build.0 = Debug|Any CPU
		{8CA1E737-B9E1-41F3-9643-B3F95E2711EE}.Release|Any CPU.ActiveCfg = Release|Any CPU
		{8CA1E737-B9E1-41F3-9643-B3F95E2711EE}.Release|Any CPU.Build.0 = Release|Any CPU
		{8CA1E737-B9E1-41F3-9643-B3F95E2711EE}.Release|ARM.ActiveCfg = Release|Any CPU
		{8CA1E737-B9E1-41F3-9643-B3F95E2711EE}.Release|ARM.Build.0 = Release|Any CPU
		{8CA1E737-B9E1-41F3-9643-B3F95E2711EE}.Release|ARM64.ActiveCfg = Release|Any CPU
		{8CA1E737-B9E1-41F3-9643-B3F95E2711EE}.Release|ARM64.Build.0 = Release|Any CPU
		{8CA1E737-B9E1-41F3-9643-B3F95E2711EE}.Release|x64.ActiveCfg = Release|Any CPU
		{8CA1E737-B9E1-41F3-9643-B3F95E2711EE}.Release|x64.Build.0 = Release|Any CPU
		{8CA1E737-B9E1-41F3-9643-B3F95E2711EE}.Release|x86.ActiveCfg = Release|Any CPU
		{8CA1E737-B9E1-41F3-9643-B3F95E2711EE}.Release|x86.Build.0 = Release|Any CPU
		{E46AF250-45F0-467C-848D-C32710E18210}.Debug|Any CPU.ActiveCfg = Debug|Any CPU
		{E46AF250-45F0-467C-848D-C32710E18210}.Debug|Any CPU.Build.0 = Debug|Any CPU
		{E46AF250-45F0-467C-848D-C32710E18210}.Debug|ARM.ActiveCfg = Debug|Any CPU
		{E46AF250-45F0-467C-848D-C32710E18210}.Debug|ARM.Build.0 = Debug|Any CPU
		{E46AF250-45F0-467C-848D-C32710E18210}.Debug|ARM64.ActiveCfg = Debug|Any CPU
		{E46AF250-45F0-467C-848D-C32710E18210}.Debug|ARM64.Build.0 = Debug|Any CPU
		{E46AF250-45F0-467C-848D-C32710E18210}.Debug|x64.ActiveCfg = Debug|Any CPU
		{E46AF250-45F0-467C-848D-C32710E18210}.Debug|x64.Build.0 = Debug|Any CPU
		{E46AF250-45F0-467C-848D-C32710E18210}.Debug|x86.ActiveCfg = Debug|Any CPU
		{E46AF250-45F0-467C-848D-C32710E18210}.Debug|x86.Build.0 = Debug|Any CPU
		{E46AF250-45F0-467C-848D-C32710E18210}.Release|Any CPU.ActiveCfg = Release|Any CPU
		{E46AF250-45F0-467C-848D-C32710E18210}.Release|Any CPU.Build.0 = Release|Any CPU
		{E46AF250-45F0-467C-848D-C32710E18210}.Release|ARM.ActiveCfg = Release|Any CPU
		{E46AF250-45F0-467C-848D-C32710E18210}.Release|ARM.Build.0 = Release|Any CPU
		{E46AF250-45F0-467C-848D-C32710E18210}.Release|ARM64.ActiveCfg = Release|Any CPU
		{E46AF250-45F0-467C-848D-C32710E18210}.Release|ARM64.Build.0 = Release|Any CPU
		{E46AF250-45F0-467C-848D-C32710E18210}.Release|x64.ActiveCfg = Release|Any CPU
		{E46AF250-45F0-467C-848D-C32710E18210}.Release|x64.Build.0 = Release|Any CPU
		{E46AF250-45F0-467C-848D-C32710E18210}.Release|x86.ActiveCfg = Release|Any CPU
		{E46AF250-45F0-467C-848D-C32710E18210}.Release|x86.Build.0 = Release|Any CPU
	EndGlobalSection
	GlobalSection(SolutionProperties) = preSolution
		HideSolutionNode = FALSE
	EndGlobalSection
	GlobalSection(ExtensibilityGlobals) = postSolution
		SolutionGuid = {A026FF64-13C2-41D0-B929-686307121A90}
	EndGlobalSection
EndGlobal
